
Microsoft Visual Studio Solution File, Format Version 12.00
# Visual Studio Version 17
VisualStudioVersion = 17.4.33103.184
MinimumVisualStudioVersion = 10.0.40219.1
Project("{9A19103F-16F7-4668-BE54-9A1E7A4F7556}") = "NeuraspaceTest", "NeuraspaceTest\NeuraspaceTest.csproj", "{511FE2C2-5866-44EC-8896-BA2CE138A4E1}"
EndProject
Project("{9A19103F-16F7-4668-BE54-9A1E7A4F7556}") = "NeuraspaceTest.Contracts", "NeuraspaceTest.Contracts\NeuraspaceTest.Contracts.csproj", "{274EF175-167F-4BCB-8C82-046D9B7E4F60}"
EndProject
Project("{9A19103F-16F7-4668-BE54-9A1E7A4F7556}") = "NeuraspaceTest.Models", "NeuraspaceTest.Models\NeuraspaceTest.Models.csproj", "{7FB33021-AB62-407E-9C1E-8D8672F7D211}"
EndProject
Project("{9A19103F-16F7-4668-BE54-9A1E7A4F7556}") = "NeuraspaceTest.DataAccess", "NeuraspaceTest.DataAccess\NeuraspaceTest.DataAccess.csproj", "{DFA17E59-EED0-43B9-B7B5-61CE6C56A5A4}"
EndProject
Project("{E53339B2-1760-4266-BCC7-CA923CBCF16C}") = "docker-compose", "docker-compose.dcproj", "{BFEEBCB3-1BEC-4334-85B0-886D2AAE6D58}"
EndProject
Project("{FAE04EC0-301F-11D3-BF4B-00C04F79EFBC}") = "UnitTests", "UnitTests\UnitTests.csproj", "{5BDFCA20-E571-4410-97C7-F1BABD1C5D6C}"
EndProject
Project("{FAE04EC0-301F-11D3-BF4B-00C04F79EFBC}") = "NeuraspaceTest.Services", "NeuraspaceTest.Services\NeuraspaceTest.Services.csproj", "{5393B4FE-D792-43D5-90D5-5AB9CD5143F9}"
EndProject
Global
	GlobalSection(SolutionConfigurationPlatforms) = preSolution
		Debug|Any CPU = Debug|Any CPU
		Release|Any CPU = Release|Any CPU
	EndGlobalSection
	GlobalSection(ProjectConfigurationPlatforms) = postSolution
		{511FE2C2-5866-44EC-8896-BA2CE138A4E1}.Debug|Any CPU.ActiveCfg = Debug|Any CPU
		{511FE2C2-5866-44EC-8896-BA2CE138A4E1}.Debug|Any CPU.Build.0 = Debug|Any CPU
		{511FE2C2-5866-44EC-8896-BA2CE138A4E1}.Release|Any CPU.ActiveCfg = Release|Any CPU
		{511FE2C2-5866-44EC-8896-BA2CE138A4E1}.Release|Any CPU.Build.0 = Release|Any CPU
		{274EF175-167F-4BCB-8C82-046D9B7E4F60}.Debug|Any CPU.ActiveCfg = Debug|Any CPU
		{274EF175-167F-4BCB-8C82-046D9B7E4F60}.Debug|Any CPU.Build.0 = Debug|Any CPU
		{274EF175-167F-4BCB-8C82-046D9B7E4F60}.Release|Any CPU.ActiveCfg = Release|Any CPU
		{274EF175-167F-4BCB-8C82-046D9B7E4F60}.Release|Any CPU.Build.0 = Release|Any CPU
		{7FB33021-AB62-407E-9C1E-8D8672F7D211}.Debug|Any CPU.ActiveCfg = Debug|Any CPU
		{7FB33021-AB62-407E-9C1E-8D8672F7D211}.Debug|Any CPU.Build.0 = Debug|Any CPU
		{7FB33021-AB62-407E-9C1E-8D8672F7D211}.Release|Any CPU.ActiveCfg = Release|Any CPU
		{7FB33021-AB62-407E-9C1E-8D8672F7D211}.Release|Any CPU.Build.0 = Release|Any CPU
		{DFA17E59-EED0-43B9-B7B5-61CE6C56A5A4}.Debug|Any CPU.ActiveCfg = Debug|Any CPU
		{DFA17E59-EED0-43B9-B7B5-61CE6C56A5A4}.Debug|Any CPU.Build.0 = Debug|Any CPU
		{DFA17E59-EED0-43B9-B7B5-61CE6C56A5A4}.Release|Any CPU.ActiveCfg = Release|Any CPU
		{DFA17E59-EED0-43B9-B7B5-61CE6C56A5A4}.Release|Any CPU.Build.0 = Release|Any CPU
		{BFEEBCB3-1BEC-4334-85B0-886D2AAE6D58}.Debug|Any CPU.ActiveCfg = Debug|Any CPU
		{BFEEBCB3-1BEC-4334-85B0-886D2AAE6D58}.Debug|Any CPU.Build.0 = Debug|Any CPU
		{BFEEBCB3-1BEC-4334-85B0-886D2AAE6D58}.Release|Any CPU.ActiveCfg = Release|Any CPU
		{BFEEBCB3-1BEC-4334-85B0-886D2AAE6D58}.Release|Any CPU.Build.0 = Release|Any CPU
		{5BDFCA20-E571-4410-97C7-F1BABD1C5D6C}.Debug|Any CPU.ActiveCfg = Debug|Any CPU
		{5BDFCA20-E571-4410-97C7-F1BABD1C5D6C}.Debug|Any CPU.Build.0 = Debug|Any CPU
		{5BDFCA20-E571-4410-97C7-F1BABD1C5D6C}.Release|Any CPU.ActiveCfg = Release|Any CPU
		{5BDFCA20-E571-4410-97C7-F1BABD1C5D6C}.Release|Any CPU.Build.0 = Release|Any CPU
		{5393B4FE-D792-43D5-90D5-5AB9CD5143F9}.Debug|Any CPU.ActiveCfg = Debug|Any CPU
		{5393B4FE-D792-43D5-90D5-5AB9CD5143F9}.Debug|Any CPU.Build.0 = Debug|Any CPU
		{5393B4FE-D792-43D5-90D5-5AB9CD5143F9}.Release|Any CPU.ActiveCfg = Release|Any CPU
		{5393B4FE-D792-43D5-90D5-5AB9CD5143F9}.Release|Any CPU.Build.0 = Release|Any CPU
	EndGlobalSection
	GlobalSection(SolutionProperties) = preSolution
		HideSolutionNode = FALSE
	EndGlobalSection
	GlobalSection(ExtensibilityGlobals) = postSolution
		SolutionGuid = {1D64C390-AAF0-4FC4-A9CE-25F2B7015F14}
	EndGlobalSection
EndGlobal
